<?xml version="1.0" encoding="utf-8"?>
<Project ToolsVersion="4.0" xmlns="http://schemas.microsoft.com/developer/msbuild/2003">
  <ItemGroup>
    <Filter Include="Source Files">
      <UniqueIdentifier>{4FC737F1-C7A5-4376-A066-2A32D752A2FF}</UniqueIdentifier>
      <Extensions>cpp;c;cc;cxx;c++;def;odl;idl;hpj;bat;asm;asmx</Extensions>
    </Filter>
    <Filter Include="hash">
      <UniqueIdentifier>{d37cb9e5-8514-4d9f-99d1-5ea40ce4de5b}</UniqueIdentifier>
    </Filter>
  </ItemGroup>
  <ItemGroup>
    <ClCompile Include="template_hash.cpp">
      <Filter>Source Files</Filter>
    </ClCompile>
  </ItemGroup>
  <ItemGroup>
    <ClInclude Include="hash\distribution.hpp">
      <Filter>hash</Filter>
    </ClInclude>
    <ClInclude Include="hash\english_dictionary.hpp">
      <Filter>hash</Filter>
    </ClInclude>
    <ClInclude Include="hash\polynomial.hpp">
      <Filter>hash</Filter>
    </ClInclude>
    <ClInclude Include="hash\test.hpp">
      <Filter>hash</Filter>
    </ClInclude>
    <ClInclude Include="hash\functions.hpp">
      <Filter>hash</Filter>
    </ClInclude>
    <ClInclude Include="hash\state.hpp">
      <Filter>hash</Filter>
    </ClInclude>
    <ClInclude Include="hash\avx2_int.hpp">
      <Filter>hash</Filter>
    </ClInclude>
    <ClInclude Include="hash\sse_int.hpp">
      <Filter>hash</Filter>
    </ClInclude>
  </ItemGroup>
  <ItemGroup>
    <None Include=".gitignore" />
  </ItemGroup>
</Project>